
Microsoft Visual Studio Solution File, Format Version 12.00
# Visual Studio Version 17
VisualStudioVersion = 17.7.34221.43
MinimumVisualStudioVersion = 10.0.40219.1
Project("{9A19103F-16F7-4668-BE54-9A1E7A4F7556}") = "test", "test.csproj", "{7F3F236A-3463-495B-A6D2-D49515592AFC}"
EndProject
Global
	GlobalSection(SolutionConfigurationPlatforms) = preSolution
		Debug|Any CPU = Debug|Any CPU
		Release|Any CPU = Release|Any CPU
	EndGlobalSection
	GlobalSection(ProjectConfigurationPlatforms) = postSolution
		{7F3F236A-3463-495B-A6D2-D49515592AFC}.Debug|Any CPU.ActiveCfg = Debug|Any CPU
		{7F3F236A-3463-495B-A6D2-D49515592AFC}.Debug|Any CPU.Build.0 = Debug|Any CPU
		{7F3F236A-3463-495B-A6D2-D49515592AFC}.Release|Any CPU.ActiveCfg = Release|Any CPU
		{7F3F236A-3463-495B-A6D2-D49515592AFC}.Release|Any CPU.Build.0 = Release|Any CPU
	EndGlobalSection
	GlobalSection(SolutionProperties) = preSolution
		HideSolutionNode = FALSE
	EndGlobalSection
	GlobalSection(ExtensibilityGlobals) = postSolution
		SolutionGuid = {78F047E4-6946-47C7-A5F5-8FDB1465693D}
	EndGlobalSection
EndGlobal
